
Microsoft Visual Studio Solution File, Format Version 12.00
# Visual Studio 15
VisualStudioVersion = 15.0.27428.2015
MinimumVisualStudioVersion = 10.0.40219.1
Project("{2150E333-8FDC-42A3-9474-1A3956D46DE8}") = "Hotel", "Hotel", "{A34F5E40-2CEC-4CD1-8650-3FBD45901916}"
EndProject
Project("{2150E333-8FDC-42A3-9474-1A3956D46DE8}") = "Bank", "Bank", "{5A411C98-BD2E-469D-9536-1860B17BD7E7}"
EndProject
Project("{FAE04EC0-301F-11D3-BF4B-00C04F79EFBC}") = "NET.S.2018.Zenovich.08.Hotel.DAL", "NET.S.2018.Zenovich.08.Hotel.DAL\NET.S.2018.Zenovich.08.Hotel.DAL.csproj", "{E4F26A9C-344D-4898-AAB7-D285878287BF}"
EndProject
Project("{FAE04EC0-301F-11D3-BF4B-00C04F79EFBC}") = "NET.S.2018.Zenovich.08.Hotel.FileSystem", "NET.S.2018.Zenovich.08.Hotel.FileSystem\NET.S.2018.Zenovich.08.Hotel.FileSystem.csproj", "{B3CE4C65-F31D-4D80-A4F4-EB36426F1CDC}"
EndProject
Project("{FAE04EC0-301F-11D3-BF4B-00C04F79EFBC}") = "NET.S.2018.Zenovich.08.Hotel.BLL", "NET.S.2018.Zenovich.08.Hotel.BLL\NET.S.2018.Zenovich.08.Hotel.BLL.csproj", "{A602FD77-C3A2-4B6B-BF34-0E38E9DA900F}"
EndProject
Project("{FAE04EC0-301F-11D3-BF4B-00C04F79EFBC}") = "NET.S.2018.Zenovich.08.Hotel.Tests", "NET.S.2018.Zenovich.08.Hotel.Tests\NET.S.2018.Zenovich.08.Hotel.Tests.csproj", "{59E33700-828B-402F-BE00-65368415ED7D}"
EndProject
Project("{FAE04EC0-301F-11D3-BF4B-00C04F79EFBC}") = "NET.S.2018.Zenovich.08.Hotel.PL", "NET.S.2018.Zenovich.08.Hotel.PL\NET.S.2018.Zenovich.08.Hotel.PL.csproj", "{4AB72CBC-DBAE-4F03-8BD7-EB4048A79083}"
EndProject
Global
	GlobalSection(SolutionConfigurationPlatforms) = preSolution
		Debug|Any CPU = Debug|Any CPU
		Release|Any CPU = Release|Any CPU
	EndGlobalSection
	GlobalSection(ProjectConfigurationPlatforms) = postSolution
		{E4F26A9C-344D-4898-AAB7-D285878287BF}.Debug|Any CPU.ActiveCfg = Debug|Any CPU
		{E4F26A9C-344D-4898-AAB7-D285878287BF}.Debug|Any CPU.Build.0 = Debug|Any CPU
		{E4F26A9C-344D-4898-AAB7-D285878287BF}.Release|Any CPU.ActiveCfg = Release|Any CPU
		{E4F26A9C-344D-4898-AAB7-D285878287BF}.Release|Any CPU.Build.0 = Release|Any CPU
		{B3CE4C65-F31D-4D80-A4F4-EB36426F1CDC}.Debug|Any CPU.ActiveCfg = Debug|Any CPU
		{B3CE4C65-F31D-4D80-A4F4-EB36426F1CDC}.Debug|Any CPU.Build.0 = Debug|Any CPU
		{B3CE4C65-F31D-4D80-A4F4-EB36426F1CDC}.Release|Any CPU.ActiveCfg = Release|Any CPU
		{B3CE4C65-F31D-4D80-A4F4-EB36426F1CDC}.Release|Any CPU.Build.0 = Release|Any CPU
		{A602FD77-C3A2-4B6B-BF34-0E38E9DA900F}.Debug|Any CPU.ActiveCfg = Debug|Any CPU
		{A602FD77-C3A2-4B6B-BF34-0E38E9DA900F}.Debug|Any CPU.Build.0 = Debug|Any CPU
		{A602FD77-C3A2-4B6B-BF34-0E38E9DA900F}.Release|Any CPU.ActiveCfg = Release|Any CPU
		{A602FD77-C3A2-4B6B-BF34-0E38E9DA900F}.Release|Any CPU.Build.0 = Release|Any CPU
		{59E33700-828B-402F-BE00-65368415ED7D}.Debug|Any CPU.ActiveCfg = Debug|Any CPU
		{59E33700-828B-402F-BE00-65368415ED7D}.Debug|Any CPU.Build.0 = Debug|Any CPU
		{59E33700-828B-402F-BE00-65368415ED7D}.Release|Any CPU.ActiveCfg = Release|Any CPU
		{59E33700-828B-402F-BE00-65368415ED7D}.Release|Any CPU.Build.0 = Release|Any CPU
		{4AB72CBC-DBAE-4F03-8BD7-EB4048A79083}.Debug|Any CPU.ActiveCfg = Debug|Any CPU
		{4AB72CBC-DBAE-4F03-8BD7-EB4048A79083}.Debug|Any CPU.Build.0 = Debug|Any CPU
		{4AB72CBC-DBAE-4F03-8BD7-EB4048A79083}.Release|Any CPU.ActiveCfg = Release|Any CPU
		{4AB72CBC-DBAE-4F03-8BD7-EB4048A79083}.Release|Any CPU.Build.0 = Release|Any CPU
	EndGlobalSection
	GlobalSection(SolutionProperties) = preSolution
		HideSolutionNode = FALSE
	EndGlobalSection
	GlobalSection(NestedProjects) = preSolution
		{E4F26A9C-344D-4898-AAB7-D285878287BF} = {A34F5E40-2CEC-4CD1-8650-3FBD45901916}
		{B3CE4C65-F31D-4D80-A4F4-EB36426F1CDC} = {A34F5E40-2CEC-4CD1-8650-3FBD45901916}
		{A602FD77-C3A2-4B6B-BF34-0E38E9DA900F} = {A34F5E40-2CEC-4CD1-8650-3FBD45901916}
		{59E33700-828B-402F-BE00-65368415ED7D} = {A34F5E40-2CEC-4CD1-8650-3FBD45901916}
		{4AB72CBC-DBAE-4F03-8BD7-EB4048A79083} = {A34F5E40-2CEC-4CD1-8650-3FBD45901916}
	EndGlobalSection
	GlobalSection(ExtensibilityGlobals) = postSolution
		SolutionGuid = {58878510-DB87-43B5-8B3F-0F8A2D225F34}
	EndGlobalSection
EndGlobal
